{
  "name": "semantic-layer-malloy-comparison",
  "version": "1.0.0",
  "lockfileVersion": 3,
  "requires": true,
  "packages": {
    "": {
      "name": "semantic-layer-malloy-comparison",
      "version": "1.0.0",
      "dependencies": {
        "@malloydata/cli": "0.0.52"
      }
    },
    "node_modules/@duckdb/node-bindings-darwin-arm64": {
      "version": "1.4.4-r.1",
      "resolved": "https://registry.npmjs.org/@duckdb/node-bindings-darwin-arm64/-/node-bindings-darwin-arm64-1.4.4-r.1.tgz",
      "integrity": "sha512-/NtbkCgCAOJDxw41XvSGV/mxQAlsx+2xUvhIVUj6fxoOfTG4jTttRhuphwE3EXNoWzJOjZxCZ5LwhC/qb6ZwLg==",
      "cpu": [
        "arm64"
      ],
      "license": "MIT",
      "optional": true,
      "os": [
        "darwin"
      ]
    },
    "node_modules/@duckdb/node-bindings-darwin-x64": {
      "version": "1.4.4-r.1",
      "resolved": "https://registry.npmjs.org/@duckdb/node-bindings-darwin-x64/-/node-bindings-darwin-x64-1.4.4-r.1.tgz",
      "integrity": "sha512-lzFRDrZwc1EoV513vmKufasiAQ2WlhEb0O6guRBarbvOKKVhRb8tQ5H7LPVTrIewjTI3XDgHrnK+vfh9L+xQcA==",
      "cpu": [
        "x64"
      ],
      "license": "MIT",
      "optional": true,
      "os": [
        "darwin"
      ]
    },
    "node_modules/@duckdb/node-bindings-linux-arm64": {
      "version": "1.4.4-r.1",
      "resolved": "https://registry.npmjs.org/@duckdb/node-bindings-linux-arm64/-/node-bindings-linux-arm64-1.4.4-r.1.tgz",
      "integrity": "sha512-wq92/EcTiOTRW1RSDOwjeLyMMXWwNVNwU21TQdfu3sgS86+Ih3raaK68leDgY5cWgf72We3J2W7HYz8GwxcMYw==",
      "cpu": [
        "arm64"
      ],
      "license": "MIT",
      "optional": true,
      "os": [
        "linux"
      ]
    },
    "node_modules/@duckdb/node-bindings-linux-x64": {
      "version": "1.4.4-r.1",
      "resolved": "https://registry.npmjs.org/@duckdb/node-bindings-linux-x64/-/node-bindings-linux-x64-1.4.4-r.1.tgz",
      "integrity": "sha512-fjYNc+t4/T7mhzZ57oJoIQaWvbYVvxhidcNNansQFiWnd6/JMLCULd4qnt8XI3Tt2BrZsraH690KSBIS3QPt0w==",
      "cpu": [
        "x64"
      ],
      "license": "MIT",
      "optional": true,
      "os": [
        "linux"
      ]
    },
    "node_modules/@duckdb/node-bindings-win32-x64": {
      "version": "1.4.4-r.1",
      "resolved": "https://registry.npmjs.org/@duckdb/node-bindings-win32-x64/-/node-bindings-win32-x64-1.4.4-r.1.tgz",
      "integrity": "sha512-+J+MUYGvYWfX0balWToDIy3CBYg7hHI0KQUQ39+SniinXlMF8+puRW6ebyQ+AXrcrKkwuj4wzJuEBD0AdhHGtw==",
      "cpu": [
        "x64"
      ],
      "license": "MIT",
      "optional": true,
      "os": [
        "win32"
      ]
    },
    "node_modules/@malloydata/cli": {
      "version": "0.0.52",
      "resolved": "https://registry.npmjs.org/@malloydata/cli/-/cli-0.0.52.tgz",
      "integrity": "sha512-3drkvoSi6me4BDBGgV7i8nkMV0ea77qBhjuc4bsTexXgqUwX2Ho1V1dT/5ndbTGgeeX2ocrDzVwUW8Y03BKgkA==",
      "license": "MIT",
      "bin": {
        "malloy-cli": "dist/index.js",
        "malloy-packages": "scripts/malloy-packages.ts"
      },
      "engines": {
        "node": ">=18"
      },
      "optionalDependencies": {
        "@duckdb/node-bindings-darwin-arm64": "1.4.4-r.1",
        "@duckdb/node-bindings-darwin-x64": "1.4.4-r.1",
        "@duckdb/node-bindings-linux-arm64": "1.4.4-r.1",
        "@duckdb/node-bindings-linux-x64": "1.4.4-r.1",
        "@duckdb/node-bindings-win32-x64": "1.4.4-r.1"
      }
    }
  }
}
